
Microsoft Visual Studio Solution File, Format Version 12.00
# Visual Studio Version 17
VisualStudioVersion = 17.13.35825.156 d17.13
MinimumVisualStudioVersion = 10.0.40219.1
Project("{FAE04EC0-301F-11D3-BF4B-00C04F79EFBC}") = "QRAlbums.API", "QRAlbums.API.csproj", "{373B838C-ED54-CD8B-5035-F6ABFC5423ED}"
EndProject
Global
	GlobalSection(SolutionConfigurationPlatforms) = preSolution
		Debug|Any CPU = Debug|Any CPU
		Release|Any CPU = Release|Any CPU
	EndGlobalSection
	GlobalSection(ProjectConfigurationPlatforms) = postSolution
		{373B838C-ED54-CD8B-5035-F6ABFC5423ED}.Debug|Any CPU.ActiveCfg = Debug|Any CPU
		{373B838C-ED54-CD8B-5035-F6ABFC5423ED}.Debug|Any CPU.Build.0 = Debug|Any CPU
		{373B838C-ED54-CD8B-5035-F6ABFC5423ED}.Release|Any CPU.ActiveCfg = Release|Any CPU
		{373B838C-ED54-CD8B-5035-F6ABFC5423ED}.Release|Any CPU.Build.0 = Release|Any CPU
	EndGlobalSection
	GlobalSection(SolutionProperties) = preSolution
		HideSolutionNode = FALSE
	EndGlobalSection
	GlobalSection(ExtensibilityGlobals) = postSolution
		SolutionGuid = {1F61BE44-56EE-45B2-92E7-414F1CB088D8}
	EndGlobalSection
EndGlobal
